
Microsoft Visual Studio Solution File, Format Version 12.00
# Visual Studio Version 16
VisualStudioVersion = 16.0.29201.188
MinimumVisualStudioVersion = 10.0.40219.1
Project("{FAE04EC0-301F-11D3-BF4B-00C04F79EFBC}") = "IFAvaliacao.Android", "IFAvaliacao.Android\IFAvaliacao.Android.csproj", "{AC37C7C2-A056-4493-9C79-C7563E8E4F7D}"
EndProject
Project("{FAE04EC0-301F-11D3-BF4B-00C04F79EFBC}") = "IFAvaliacao.iOS", "IFAvaliacao.iOS\IFAvaliacao.iOS.csproj", "{5FDE5452-BE61-4BD5-90F1-C23B78ED5AD8}"
EndProject
Project("{9A19103F-16F7-4668-BE54-9A1E7A4F7556}") = "IFAvaliacao", "IFAvaliacao\IFAvaliacao.csproj", "{30D5028A-14C8-4B8A-90BC-472B1B903973}"
EndProject
Global
	GlobalSection(SolutionConfigurationPlatforms) = preSolution
		Debug|Any CPU = Debug|Any CPU
		Debug|iPhone = Debug|iPhone
		Debug|iPhoneSimulator = Debug|iPhoneSimulator
		Release|Any CPU = Release|Any CPU
		Release|iPhone = Release|iPhone
		Release|iPhoneSimulator = Release|iPhoneSimulator
	EndGlobalSection
	GlobalSection(ProjectConfigurationPlatforms) = postSolution
		{AC37C7C2-A056-4493-9C79-C7563E8E4F7D}.Debug|Any CPU.ActiveCfg = Debug|Any CPU
		{AC37C7C2-A056-4493-9C79-C7563E8E4F7D}.Debug|Any CPU.Build.0 = Debug|Any CPU
		{AC37C7C2-A056-4493-9C79-C7563E8E4F7D}.Debug|Any CPU.Deploy.0 = Debug|Any CPU
		{AC37C7C2-A056-4493-9C79-C7563E8E4F7D}.Debug|iPhone.ActiveCfg = Debug|Any CPU
		{AC37C7C2-A056-4493-9C79-C7563E8E4F7D}.Debug|iPhone.Build.0 = Debug|Any CPU
		{AC37C7C2-A056-4493-9C79-C7563E8E4F7D}.Debug|iPhone.Deploy.0 = Debug|Any CPU
		{AC37C7C2-A056-4493-9C79-C7563E8E4F7D}.Debug|iPhoneSimulator.ActiveCfg = Debug|Any CPU
		{AC37C7C2-A056-4493-9C79-C7563E8E4F7D}.Debug|iPhoneSimulator.Build.0 = Debug|Any CPU
		{AC37C7C2-A056-4493-9C79-C7563E8E4F7D}.Debug|iPhoneSimulator.Deploy.0 = Debug|Any CPU
		{AC37C7C2-A056-4493-9C79-C7563E8E4F7D}.Release|Any CPU.ActiveCfg = Release|Any CPU
		{AC37C7C2-A056-4493-9C79-C7563E8E4F7D}.Release|Any CPU.Build.0 = Release|Any CPU
		{AC37C7C2-A056-4493-9C79-C7563E8E4F7D}.Release|Any CPU.Deploy.0 = Release|Any CPU
		{AC37C7C2-A056-4493-9C79-C7563E8E4F7D}.Release|iPhone.ActiveCfg = Release|Any CPU
		{AC37C7C2-A056-4493-9C79-C7563E8E4F7D}.Release|iPhone.Build.0 = Release|Any CPU
		{AC37C7C2-A056-4493-9C79-C7563E8E4F7D}.Release|iPhone.Deploy.0 = Release|Any CPU
		{AC37C7C2-A056-4493-9C79-C7563E8E4F7D}.Release|iPhoneSimulator.ActiveCfg = Release|Any CPU
		{AC37C7C2-A056-4493-9C79-C7563E8E4F7D}.Release|iPhoneSimulator.Build.0 = Release|Any CPU
		{AC37C7C2-A056-4493-9C79-C7563E8E4F7D}.Release|iPhoneSimulator.Deploy.0 = Release|Any CPU
		{5FDE5452-BE61-4BD5-90F1-C23B78ED5AD8}.Debug|Any CPU.ActiveCfg = Debug|iPhoneSimulator
		{5FDE5452-BE61-4BD5-90F1-C23B78ED5AD8}.Debug|Any CPU.Build.0 = Debug|iPhoneSimulator
		{5FDE5452-BE61-4BD5-90F1-C23B78ED5AD8}.Debug|Any CPU.Deploy.0 = Debug|iPhoneSimulator
		{5FDE5452-BE61-4BD5-90F1-C23B78ED5AD8}.Debug|iPhone.ActiveCfg = Debug|iPhone
		{5FDE5452-BE61-4BD5-90F1-C23B78ED5AD8}.Debug|iPhone.Build.0 = Debug|iPhone
		{5FDE5452-BE61-4BD5-90F1-C23B78ED5AD8}.Debug|iPhone.Deploy.0 = Debug|iPhone
		{5FDE5452-BE61-4BD5-90F1-C23B78ED5AD8}.Debug|iPhoneSimulator.ActiveCfg = Debug|iPhoneSimulator
		{5FDE5452-BE61-4BD5-90F1-C23B78ED5AD8}.Debug|iPhoneSimulator.Build.0 = Debug|iPhoneSimulator
		{5FDE5452-BE61-4BD5-90F1-C23B78ED5AD8}.Debug|iPhoneSimulator.Deploy.0 = Debug|iPhoneSimulator
		{5FDE5452-BE61-4BD5-90F1-C23B78ED5AD8}.Release|Any CPU.ActiveCfg = Release|iPhone
		{5FDE5452-BE61-4BD5-90F1-C23B78ED5AD8}.Release|Any CPU.Build.0 = Release|iPhone
		{5FDE5452-BE61-4BD5-90F1-C23B78ED5AD8}.Release|Any CPU.Deploy.0 = Release|iPhone
		{5FDE5452-BE61-4BD5-90F1-C23B78ED5AD8}.Release|iPhone.ActiveCfg = Release|iPhone
		{5FDE5452-BE61-4BD5-90F1-C23B78ED5AD8}.Release|iPhone.Build.0 = Release|iPhone
		{5FDE5452-BE61-4BD5-90F1-C23B78ED5AD8}.Release|iPhone.Deploy.0 = Release|iPhone
		{5FDE5452-BE61-4BD5-90F1-C23B78ED5AD8}.Release|iPhoneSimulator.ActiveCfg = Release|iPhoneSimulator
		{5FDE5452-BE61-4BD5-90F1-C23B78ED5AD8}.Release|iPhoneSimulator.Build.0 = Release|iPhoneSimulator
		{5FDE5452-BE61-4BD5-90F1-C23B78ED5AD8}.Release|iPhoneSimulator.Deploy.0 = Release|iPhoneSimulator
		{30D5028A-14C8-4B8A-90BC-472B1B903973}.Debug|Any CPU.ActiveCfg = Debug|Any CPU
		{30D5028A-14C8-4B8A-90BC-472B1B903973}.Debug|Any CPU.Build.0 = Debug|Any CPU
		{30D5028A-14C8-4B8A-90BC-472B1B903973}.Debug|Any CPU.Deploy.0 = Debug|Any CPU
		{30D5028A-14C8-4B8A-90BC-472B1B903973}.Debug|iPhone.ActiveCfg = Debug|Any CPU
		{30D5028A-14C8-4B8A-90BC-472B1B903973}.Debug|iPhone.Build.0 = Debug|Any CPU
		{30D5028A-14C8-4B8A-90BC-472B1B903973}.Debug|iPhone.Deploy.0 = Debug|Any CPU
		{30D5028A-14C8-4B8A-90BC-472B1B903973}.Debug|iPhoneSimulator.ActiveCfg = Debug|Any CPU
		{30D5028A-14C8-4B8A-90BC-472B1B903973}.Debug|iPhoneSimulator.Build.0 = Debug|Any CPU
		{30D5028A-14C8-4B8A-90BC-472B1B903973}.Debug|iPhoneSimulator.Deploy.0 = Debug|Any CPU
		{30D5028A-14C8-4B8A-90BC-472B1B903973}.Release|Any CPU.ActiveCfg = Release|Any CPU
		{30D5028A-14C8-4B8A-90BC-472B1B903973}.Release|Any CPU.Build.0 = Release|Any CPU
		{30D5028A-14C8-4B8A-90BC-472B1B903973}.Release|Any CPU.Deploy.0 = Release|Any CPU
		{30D5028A-14C8-4B8A-90BC-472B1B903973}.Release|iPhone.ActiveCfg = Release|Any CPU
		{30D5028A-14C8-4B8A-90BC-472B1B903973}.Release|iPhone.Build.0 = Release|Any CPU
		{30D5028A-14C8-4B8A-90BC-472B1B903973}.Release|iPhone.Deploy.0 = Release|Any CPU
		{30D5028A-14C8-4B8A-90BC-472B1B903973}.Release|iPhoneSimulator.ActiveCfg = Release|Any CPU
		{30D5028A-14C8-4B8A-90BC-472B1B903973}.Release|iPhoneSimulator.Build.0 = Release|Any CPU
		{30D5028A-14C8-4B8A-90BC-472B1B903973}.Release|iPhoneSimulator.Deploy.0 = Release|Any CPU
	EndGlobalSection
	GlobalSection(SolutionProperties) = preSolution
		HideSolutionNode = FALSE
	EndGlobalSection
	GlobalSection(ExtensibilityGlobals) = postSolution
		SolutionGuid = {529B6924-84C4-43A0-AEBA-4A410DD4741F}
	EndGlobalSection
EndGlobal
