
Microsoft Visual Studio Solution File, Format Version 12.00
# Visual Studio Version 16
VisualStudioVersion = 16.0.29418.71
MinimumVisualStudioVersion = 10.0.40219.1
Project("{FAE04EC0-301F-11D3-BF4B-00C04F79EFBC}") = "IFAVALIACAO.API", "IFAVALIACAO.API\IFAVALIACAO.API.csproj", "{2A52F798-67DE-40D4-8E87-4C07DA1FA84C}"
EndProject
Global
	GlobalSection(SolutionConfigurationPlatforms) = preSolution
		Debug|Any CPU = Debug|Any CPU
		Release|Any CPU = Release|Any CPU
	EndGlobalSection
	GlobalSection(ProjectConfigurationPlatforms) = postSolution
		{2A52F798-67DE-40D4-8E87-4C07DA1FA84C}.Debug|Any CPU.ActiveCfg = Debug|Any CPU
		{2A52F798-67DE-40D4-8E87-4C07DA1FA84C}.Debug|Any CPU.Build.0 = Debug|Any CPU
		{2A52F798-67DE-40D4-8E87-4C07DA1FA84C}.Release|Any CPU.ActiveCfg = Release|Any CPU
		{2A52F798-67DE-40D4-8E87-4C07DA1FA84C}.Release|Any CPU.Build.0 = Release|Any CPU
	EndGlobalSection
	GlobalSection(SolutionProperties) = preSolution
		HideSolutionNode = FALSE
	EndGlobalSection
	GlobalSection(ExtensibilityGlobals) = postSolution
		SolutionGuid = {7B1B9F1F-4698-4F53-B1F1-844F1623DBBD}
	EndGlobalSection
EndGlobal
